// !$*UTF8*$!
{
	archiveVersion = 1;
	classes = {
	};
	objectVersion = 50;
	objects = {

/* Begin PBXBuildFile section */
		21EE6AB920EF0DF50091D088 /* AppDelegate.swift in Sources */ = {isa = PBXBuildFile; fileRef = 21EE6AB820EF0DF50091D088 /* AppDelegate.swift */; };
		21EE6ABB20EF0DF50091D088 /* ViewController.swift in Sources */ = {isa = PBXBuildFile; fileRef = 21EE6ABA20EF0DF50091D088 /* ViewController.swift */; };
		21EE6ABE20EF0DF50091D088 /* Main.storyboard in Resources */ = {isa = PBXBuildFile; fileRef = 21EE6ABC20EF0DF50091D088 /* Main.storyboard */; };
		21EE6AC020EF0DF70091D088 /* Assets.xcassets in Resources */ = {isa = PBXBuildFile; fileRef = 21EE6ABF20EF0DF70091D088 /* Assets.xcassets */; };
		21EE6AC320EF0DF70091D088 /* LaunchScreen.storyboard in Resources */ = {isa = PBXBuildFile; fileRef = 21EE6AC120EF0DF70091D088 /* LaunchScreen.storyboard */; };
		21EE6ACE20EF0DF70091D088 /* MoYinTests.swift in Sources */ = {isa = PBXBuildFile; fileRef = 21EE6ACD20EF0DF70091D088 /* MoYinTests.swift */; };
		21EE6AD920EF0DF70091D088 /* MoYinUITests.swift in Sources */ = {isa = PBXBuildFile; fileRef = 21EE6AD820EF0DF70091D088 /* MoYinUITests.swift */; };
/* End PBXBuildFile section */

/* Begin PBXContainerItemProxy section */
		21EE6ACA20EF0DF70091D088 /* PBXContainerItemProxy */ = {
			isa = PBXContainerItemProxy;
			containerPortal = 21EE6AAD20EF0DF50091D088 /* Project object */;
			proxyType = 1;
			remoteGlobalIDString = 21EE6AB420EF0DF50091D088;
			remoteInfo = MoYin;
		};
		21EE6AD520EF0DF70091D088 /* PBXContainerItemProxy */ = {
			isa = PBXContainerItemProxy;
			containerPortal = 21EE6AAD20EF0DF50091D088 /* Project object */;
			proxyType = 1;
			remoteGlobalIDString = 21EE6AB420EF0DF50091D088;
			remoteInfo = MoYin;
		};
/* End PBXContainerItemProxy section */

/* Begin PBXFileReference section */
		21EE6AB520EF0DF50091D088 /* MoYin.app */ = {isa = PBXFileReference; explicitFileType = wrapper.application; includeInIndex = 0; path = MoYin.app; sourceTree = BUILT_PRODUCTS_DIR; };
		21EE6AB820EF0DF50091D088 /* AppDelegate.swift */ = {isa = PBXFileReference; lastKnownFileType = sourcecode.swift; path = AppDelegate.swift; sourceTree = "<group>"; };
		21EE6ABA20EF0DF50091D088 /* ViewController.swift */ = {isa = PBXFileReference; lastKnownFileType = sourcecode.swift; path = ViewController.swift; sourceTree = "<group>"; };
		21EE6ABD20EF0DF50091D088 /* Base */ = {isa = PBXFileReference; lastKnownFileType = file.storyboard; name = Base; path = Base.lproj/Main.storyboard; sourceTree = "<group>"; };
		21EE6ABF20EF0DF70091D088 /* Assets.xcassets */ = {isa = PBXFileReference; lastKnownFileType = folder.assetcatalog; path = Assets.xcassets; sourceTree = "<group>"; };
		21EE6AC220EF0DF70091D088 /* Base */ = {isa = PBXFileReference; lastKnownFileType = file.storyboard; name = Base; path = Base.lproj/LaunchScreen.storyboard; sourceTree = "<group>"; };
		21EE6AC420EF0DF70091D088 /* Info.plist */ = {isa = PBXFileReference; lastKnownFileType = text.plist.xml; path = Info.plist; sourceTree = "<group>"; };
		21EE6AC920EF0DF70091D088 /* MoYinTests.xctest */ = {isa = PBXFileReference; explicitFileType = wrapper.cfbundle; includeInIndex = 0; path = MoYinTests.xctest; sourceTree = BUILT_PRODUCTS_DIR; };
		21EE6ACD20EF0DF70091D088 /* MoYinTests.swift */ = {isa = PBXFileReference; lastKnownFileType = sourcecode.swift; path = MoYinTests.swift; sourceTree = "<group>"; };
		21EE6ACF20EF0DF70091D088 /* Info.plist */ = {isa = PBXFileReference; lastKnownFileType = text.plist.xml; path = Info.plist; sourceTree = "<group>"; };
		21EE6AD420EF0DF70091D088 /* MoYinUITests.xctest */ = {isa = PBXFileReference; explicitFileType = wrapper.cfbundle; includeInIndex = 0; path = MoYinUITests.xctest; sourceTree = BUILT_PRODUCTS_DIR; };
		21EE6AD820EF0DF70091D088 /* MoYinUITests.swift */ = {isa = PBXFileReference; lastKnownFileType = sourcecode.swift; path = MoYinUITests.swift; sourceTree = "<group>"; };
		21EE6ADA20EF0DF70091D088 /* Info.plist */ = {isa = PBXFileReference; lastKnownFileType = text.plist.xml; path = Info.plist; sourceTree = "<group>"; };
/* End PBXFileReference section */

/* Begin PBXFrameworksBuildPhase section */
		21EE6AB220EF0DF50091D088 /* Frameworks */ = {
			isa = PBXFrameworksBuildPhase;
			buildActionMask = 2147483647;
			files = (
			);
			runOnlyForDeploymentPostprocessing = 0;
		};
		21EE6AC620EF0DF70091D088 /* Frameworks */ = {
			isa = PBXFrameworksBuildPhase;
			buildActionMask = 2147483647;
			files = (
			);
			runOnlyForDeploymentPostprocessing = 0;
		};
		21EE6AD120EF0DF70091D088 /* Frameworks */ = {
			isa = PBXFrameworksBuildPhase;
			buildActionMask = 2147483647;
			files = (
			);
			runOnlyForDeploymentPostprocessing = 0;
		};
/* End PBXFrameworksBuildPhase section */

/* Begin PBXGroup section */
		21EE6AAC20EF0DF50091D088 = {
			isa = PBXGroup;
			children = (
				21EE6AB720EF0DF50091D088 /* MoYin */,
				21EE6ACC20EF0DF70091D088 /* MoYinTests */,
				21EE6AD720EF0DF70091D088 /* MoYinUITests */,
				21EE6AB620EF0DF50091D088 /* Products */,
			);
			sourceTree = "<group>";
		};
		21EE6AB620EF0DF50091D088 /* Products */ = {
			isa = PBXGroup;
			children = (
				21EE6AB520EF0DF50091D088 /* MoYin.app */,
				21EE6AC920EF0DF70091D088 /* MoYinTests.xctest */,
				21EE6AD420EF0DF70091D088 /* MoYinUITests.xctest */,
			);
			name = Products;
			sourceTree = "<group>";
		};
		21EE6AB720EF0DF50091D088 /* MoYin */ = {
			isa = PBXGroup;
			children = (
				21EE6AB820EF0DF50091D088 /* AppDelegate.swift */,
				21EE6ABA20EF0DF50091D088 /* ViewController.swift */,
				21EE6ABC20EF0DF50091D088 /* Main.storyboard */,
				21EE6ABF20EF0DF70091D088 /* Assets.xcassets */,
				21EE6AC120EF0DF70091D088 /* LaunchScreen.storyboard */,
				21EE6AC420EF0DF70091D088 /* Info.plist */,
			);
			path = MoYin;
			sourceTree = "<group>";
		};
		21EE6ACC20EF0DF70091D088 /* MoYinTests */ = {
			isa = PBXGroup;
			children = (
				21EE6ACD20EF0DF70091D088 /* MoYinTests.swift */,
				21EE6ACF20EF0DF70091D088 /* Info.plist */,
			);
			path = MoYinTests;
			sourceTree = "<group>";
		};
		21EE6AD720EF0DF70091D088 /* MoYinUITests */ = {
			isa = PBXGroup;
			children = (
				21EE6AD820EF0DF70091D088 /* MoYinUITests.swift */,
				21EE6ADA20EF0DF70091D088 /* Info.plist */,
			);
			path = MoYinUITests;
			sourceTree = "<group>";
		};
/* End PBXGroup section */

/* Begin PBXNativeTarget section */
		21EE6AB420EF0DF50091D088 /* MoYin */ = {
			isa = PBXNativeTarget;
			buildConfigurationList = 21EE6ADD20EF0DF70091D088 /* Build configuration list for PBXNativeTarget "MoYin" */;
			buildPhases = (
				21EE6AB120EF0DF50091D088 /* Sources */,
				21EE6AB220EF0DF50091D088 /* Frameworks */,
				21EE6AB320EF0DF50091D088 /* Resources */,
			);
			buildRules = (
			);
			dependencies = (
			);
			name = MoYin;
			productName = MoYin;
			productReference = 21EE6AB520EF0DF50091D088 /* MoYin.app */;
			productType = "com.apple.product-type.application";
		};
		21EE6AC820EF0DF70091D088 /* MoYinTests */ = {
			isa = PBXNativeTarget;
			buildConfigurationList = 21EE6AE020EF0DF70091D088 /* Build configuration list for PBXNativeTarget "MoYinTests" */;
			buildPhases = (
				21EE6AC520EF0DF70091D088 /* Sources */,
				21EE6AC620EF0DF70091D088 /* Frameworks */,
				21EE6AC720EF0DF70091D088 /* Resources */,
			);
			buildRules = (
			);
			dependencies = (
				21EE6ACB20EF0DF70091D088 /* PBXTargetDependency */,
			);
			name = MoYinTests;
			productName = MoYinTests;
			productReference = 21EE6AC920EF0DF70091D088 /* MoYinTests.xctest */;
			productType = "com.apple.product-type.bundle.unit-test";
		};
		21EE6AD320EF0DF70091D088 /* MoYinUITests */ = {
			isa = PBXNativeTarget;
			buildConfigurationList = 21EE6AE320EF0DF70091D088 /* Build configuration list for PBXNativeTarget "MoYinUITests" */;
			buildPhases = (
				21EE6AD020EF0DF70091D088 /* Sources */,
				21EE6AD120EF0DF70091D088 /* Frameworks */,
				21EE6AD220EF0DF70091D088 /* Resources */,
			);
			buildRules = (
			);
			dependencies = (
				21EE6AD620EF0DF70091D088 /* PBXTargetDependency */,
			);
			name = MoYinUITests;
			productName = MoYinUITests;
			productReference = 21EE6AD420EF0DF70091D088 /* MoYinUITests.xctest */;
			productType = "com.apple.product-type.bundle.ui-testing";
		};
/* End PBXNativeTarget section */

/* Begin PBXProject section */
		21EE6AAD20EF0DF50091D088 /* Project object */ = {
			isa = PBXProject;
			attributes = {
				LastSwiftUpdateCheck = 0930;
				LastUpgradeCheck = 0930;
				ORGANIZATIONNAME = Lawrence;
				TargetAttributes = {
					21EE6AB420EF0DF50091D088 = {
						CreatedOnToolsVersion = 9.3;
					};
					21EE6AC820EF0DF70091D088 = {
						CreatedOnToolsVersion = 9.3;
						TestTargetID = 21EE6AB420EF0DF50091D088;
					};
					21EE6AD320EF0DF70091D088 = {
						CreatedOnToolsVersion = 9.3;
						TestTargetID = 21EE6AB420EF0DF50091D088;
					};
				};
			};
			buildConfigurationList = 21EE6AB020EF0DF50091D088 /* Build configuration list for PBXProject "MoYin" */;
			compatibilityVersion = "Xcode 9.3";
			developmentRegion = en;
			hasScannedForEncodings = 0;
			knownRegions = (
				en,
				Base,
			);
			mainGroup = 21EE6AAC20EF0DF50091D088;
			productRefGroup = 21EE6AB620EF0DF50091D088 /* Products */;
			projectDirPath = "";
			projectRoot = "";
			targets = (
				21EE6AB420EF0DF50091D088 /* MoYin */,
				21EE6AC820EF0DF70091D088 /* MoYinTests */,
				21EE6AD320EF0DF70091D088 /* MoYinUITests */,
			);
		};
/* End PBXProject section */

/* Begin PBXResourcesBuildPhase section */
		21EE6AB320EF0DF50091D088 /* Resources */ = {
			isa = PBXResourcesBuildPhase;
			buildActionMask = 2147483647;
			files = (
				21EE6AC320EF0DF70091D088 /* LaunchScreen.storyboard in Resources */,
				21EE6AC020EF0DF70091D088 /* Assets.xcassets in Resources */,
				21EE6ABE20EF0DF50091D088 /* Main.storyboard in Resources */,
			);
			runOnlyForDeploymentPostprocessing = 0;
		};
		21EE6AC720EF0DF70091D088 /* Resources */ = {
			isa = PBXResourcesBuildPhase;
			buildActionMask = 2147483647;
			files = (
			);
			runOnlyForDeploymentPostprocessing = 0;
		};
		21EE6AD220EF0DF70091D088 /* Resources */ = {
			isa = PBXResourcesBuildPhase;
			buildActionMask = 2147483647;
			files = (
			);
			runOnlyForDeploymentPostprocessing = 0;
		};
/* End PBXResourcesBuildPhase section */

/* Begin PBXSourcesBuildPhase section */
		21EE6AB120EF0DF50091D088 /* Sources */ = {
			isa = PBXSourcesBuildPhase;
			buildActionMask = 2147483647;
			files = (
				21EE6ABB20EF0DF50091D088 /* ViewController.swift in Sources */,
				21EE6AB920EF0DF50091D088 /* AppDelegate.swift in Sources */,
			);
			runOnlyForDeploymentPostprocessing = 0;
		};
		21EE6AC520EF0DF70091D088 /* Sources */ = {
			isa = PBXSourcesBuildPhase;
			buildActionMask = 2147483647;
			files = (
				21EE6ACE20EF0DF70091D088 /* MoYinTests.swift in Sources */,
			);
			runOnlyForDeploymentPostprocessing = 0;
		};
		21EE6AD020EF0DF70091D088 /* Sources */ = {
			isa = PBXSourcesBuildPhase;
			buildActionMask = 2147483647;
			files = (
				21EE6AD920EF0DF70091D088 /* MoYinUITests.swift in Sources */,
			);
			runOnlyForDeploymentPostprocessing = 0;
		};
/* End PBXSourcesBuildPhase section */

/* Begin PBXTargetDependency section */
		21EE6ACB20EF0DF70091D088 /* PBXTargetDependency */ = {
			isa = PBXTargetDependency;
			target = 21EE6AB420EF0DF50091D088 /* MoYin */;
			targetProxy = 21EE6ACA20EF0DF70091D088 /* PBXContainerItemProxy */;
		};
		21EE6AD620EF0DF70091D088 /* PBXTargetDependency */ = {
			isa = PBXTargetDependency;
			target = 21EE6AB420EF0DF50091D088 /* MoYin */;
			targetProxy = 21EE6AD520EF0DF70091D088 /* PBXContainerItemProxy */;
		};
/* End PBXTargetDependency section */

/* Begin PBXVariantGroup section */
		21EE6ABC20EF0DF50091D088 /* Main.storyboard */ = {
			isa = PBXVariantGroup;
			children = (
				21EE6ABD20EF0DF50091D088 /* Base */,
			);
			name = Main.storyboard;
			sourceTree = "<group>";
		};
		21EE6AC120EF0DF70091D088 /* LaunchScreen.storyboard */ = {
			isa = PBXVariantGroup;
			children = (
				21EE6AC220EF0DF70091D088 /* Base */,
			);
			name = LaunchScreen.storyboard;
			sourceTree = "<group>";
		};
/* End PBXVariantGroup section */

/* Begin XCBuildConfiguration section */
		21EE6ADB20EF0DF70091D088 /* Debug */ = {
			isa = XCBuildConfiguration;
			buildSettings = {
				ALWAYS_SEARCH_USER_PATHS = NO;
				CLANG_ANALYZER_NONNULL = YES;
				CLANG_ANALYZER_NUMBER_OBJECT_CONVERSION = YES_AGGRESSIVE;
				CLANG_CXX_LANGUAGE_STANDARD = "gnu++14";
				CLANG_CXX_LIBRARY = "libc++";
				CLANG_ENABLE_MODULES = YES;
				CLANG_ENABLE_OBJC_ARC = YES;
				CLANG_ENABLE_OBJC_WEAK = YES;
				CLANG_WARN_BLOCK_CAPTURE_AUTORELEASING = YES;
				CLANG_WARN_BOOL_CONVERSION = YES;
				CLANG_WARN_COMMA = YES;
				CLANG_WARN_CONSTANT_CONVERSION = YES;
				CLANG_WARN_DEPRECATED_OBJC_IMPLEMENTATIONS = YES;
				CLANG_WARN_DIRECT_OBJC_ISA_USAGE = YES_ERROR;
				CLANG_WARN_DOCUMENTATION_COMMENTS = YES;
				CLANG_WARN_EMPTY_BODY = YES;
				CLANG_WARN_ENUM_CONVERSION = YES;
				CLANG_WARN_INFINITE_RECURSION = YES;
				CLANG_WARN_INT_CONVERSION = YES;
				CLANG_WARN_NON_LITERAL_NULL_CONVERSION = YES;
				CLANG_WARN_OBJC_IMPLICIT_RETAIN_SELF = YES;
				CLANG_WARN_OBJC_LITERAL_CONVERSION = YES;
				CLANG_WARN_OBJC_ROOT_CLASS = YES_ERROR;
				CLANG_WARN_RANGE_LOOP_ANALYSIS = YES;
				CLANG_WARN_STRICT_PROTOTYPES = YES;
				CLANG_WARN_SUSPICIOUS_MOVE = YES;
				CLANG_WARN_UNGUARDED_AVAILABILITY = YES_AGGRESSIVE;
				CLANG_WARN_UNREACHABLE_CODE = YES;
				CLANG_WARN__DUPLICATE_METHOD_MATCH = YES;
				CODE_SIGN_IDENTITY = "iPhone Developer";
				COPY_PHASE_STRIP = NO;
				DEBUG_INFORMATION_FORMAT = dwarf;
				ENABLE_STRICT_OBJC_MSGSEND = YES;
				ENABLE_TESTABILITY = YES;
				GCC_C_LANGUAGE_STANDARD = gnu11;
				GCC_DYNAMIC_NO_PIC = NO;
				GCC_NO_COMMON_BLOCKS = YES;
				GCC_OPTIMIZATION_LEVEL = 0;
				GCC_PREPROCESSOR_DEFINITIONS = (
					"DEBUG=1",
					"$(inherited)",
				);
				GCC_WARN_64_TO_32_BIT_CONVERSION = YES;
				GCC_WARN_ABOUT_RETURN_TYPE = YES_ERROR;
				GCC_WARN_UNDECLARED_SELECTOR = YES;
				GCC_WARN_UNINITIALIZED_AUTOS = YES_AGGRESSIVE;
				GCC_WARN_UNUSED_FUNCTION = YES;
				GCC_WARN_UNUSED_VARIABLE = YES;
				IPHONEOS_DEPLOYMENT_TARGET = 11.3;
				MTL_ENABLE_DEBUG_INFO = YES;
				ONLY_ACTIVE_ARCH = YES;
				SDKROOT = iphoneos;
				SWIFT_ACTIVE_COMPILATION_CONDITIONS = DEBUG;
				SWIFT_OPTIMIZATION_LEVEL = "-Onone";
			};
			name = Debug;
		};
		21EE6ADC20EF0DF70091D088 /* Release */ = {
			isa = XCBuildConfiguration;
			buildSettings = {
				ALWAYS_SEARCH_USER_PATHS = NO;
				CLANG_ANALYZER_NONNULL = YES;
				CLANG_ANALYZER_NUMBER_OBJECT_CONVERSION = YES_AGGRESSIVE;
				CLANG_CXX_LANGUAGE_STANDARD = "gnu++14";
				CLANG_CXX_LIBRARY = "libc++";
				CLANG_ENABLE_MODULES = YES;
				CLANG_ENABLE_OBJC_ARC = YES;
				CLANG_ENABLE_OBJC_WEAK = YES;
				CLANG_WARN_BLOCK_CAPTURE_AUTORELEASING = YES;
				CLANG_WARN_BOOL_CONVERSION = YES;
				CLANG_WARN_COMMA = YES;
				CLANG_WARN_CONSTANT_CONVERSION = YES;
				CLANG_WARN_DEPRECATED_OBJC_IMPLEMENTATIONS = YES;
				CLANG_WARN_DIRECT_OBJC_ISA_USAGE = YES_ERROR;
				CLANG_WARN_DOCUMENTATION_COMMENTS = YES;
				CLANG_WARN_EMPTY_BODY = YES;
				CLANG_WARN_ENUM_CONVERSION = YES;
				CLANG_WARN_INFINITE_RECURSION = YES;
				CLANG_WARN_INT_CONVERSION = YES;
				CLANG_WARN_NON_LITERAL_NULL_CONVERSION = YES;
				CLANG_WARN_OBJC_IMPLICIT_RETAIN_SELF = YES;
				CLANG_WARN_OBJC_LITERAL_CONVERSION = YES;
				CLANG_WARN_OBJC_ROOT_CLASS = YES_ERROR;
				CLANG_WARN_RANGE_LOOP_ANALYSIS = YES;
				CLANG_WARN_STRICT_PROTOTYPES = YES;
				CLANG_WARN_SUSPICIOUS_MOVE = YES;
				CLANG_WARN_UNGUARDED_AVAILABILITY = YES_AGGRESSIVE;
				CLANG_WARN_UNREACHABLE_CODE = YES;
				CLANG_WARN__DUPLICATE_METHOD_MATCH = YES;
				CODE_SIGN_IDENTITY = "iPhone Developer";
				COPY_PHASE_STRIP = NO;
				DEBUG_INFORMATION_FORMAT = "dwarf-with-dsym";
				ENABLE_NS_ASSERTIONS = NO;
				ENABLE_STRICT_OBJC_MSGSEND = YES;
				GCC_C_LANGUAGE_STANDARD = gnu11;
				GCC_NO_COMMON_BLOCKS = YES;
				GCC_WARN_64_TO_32_BIT_CONVERSION = YES;
				GCC_WARN_ABOUT_RETURN_TYPE = YES_ERROR;
				GCC_WARN_UNDECLARED_SELECTOR = YES;
				GCC_WARN_UNINITIALIZED_AUTOS = YES_AGGRESSIVE;
				GCC_WARN_UNUSED_FUNCTION = YES;
				GCC_WARN_UNUSED_VARIABLE = YES;
				IPHONEOS_DEPLOYMENT_TARGET = 11.3;
				MTL_ENABLE_DEBUG_INFO = NO;
				SDKROOT = iphoneos;
				SWIFT_COMPILATION_MODE = wholemodule;
				SWIFT_OPTIMIZATION_LEVEL = "-O";
				VALIDATE_PRODUCT = YES;
			};
			name = Release;
		};
		21EE6ADE20EF0DF70091D088 /* Debug */ = {
			isa = XCBuildConfiguration;
			buildSettings = {
				ASSETCATALOG_COMPILER_APPICON_NAME = AppIcon;
				CODE_SIGN_STYLE = Automatic;
				DEVELOPMENT_TEAM = 95DN6Z98SA;
				INFOPLIST_FILE = MoYin/Info.plist;
				LD_RUNPATH_SEARCH_PATHS = (
					"$(inherited)",
					"@executable_path/Frameworks",
				);
				PRODUCT_BUNDLE_IDENTIFIER = com.lawrence.MoYin;
				PRODUCT_NAME = "$(TARGET_NAME)";
				SWIFT_VERSION = 4.0;
				TARGETED_DEVICE_FAMILY = "1,2";
			};
			name = Debug;
		};
		21EE6ADF20EF0DF70091D088 /* Release */ = {
			isa = XCBuildConfiguration;
			buildSettings = {
				ASSETCATALOG_COMPILER_APPICON_NAME = AppIcon;
				CODE_SIGN_STYLE = Automatic;
				DEVELOPMENT_TEAM = 95DN6Z98SA;
				INFOPLIST_FILE = MoYin/Info.plist;
				LD_RUNPATH_SEARCH_PATHS = (
					"$(inherited)",
					"@executable_path/Frameworks",
				);
				PRODUCT_BUNDLE_IDENTIFIER = com.lawrence.MoYin;
				PRODUCT_NAME = "$(TARGET_NAME)";
				SWIFT_VERSION = 4.0;
				TARGETED_DEVICE_FAMILY = "1,2";
			};
			name = Release;
		};
		21EE6AE120EF0DF70091D088 /* Debug */ = {
			isa = XCBuildConfiguration;
			buildSettings = {
				ALWAYS_EMBED_SWIFT_STANDARD_LIBRARIES = YES;
				BUNDLE_LOADER = "$(TEST_HOST)";
				CODE_SIGN_STYLE = Automatic;
				DEVELOPMENT_TEAM = 95DN6Z98SA;
				INFOPLIST_FILE = MoYinTests/Info.plist;
				LD_RUNPATH_SEARCH_PATHS = (
					"$(inherited)",
					"@executable_path/Frameworks",
					"@loader_path/Frameworks",
				);
				PRODUCT_BUNDLE_IDENTIFIER = com.lawrence.MoYinTests;
				PRODUCT_NAME = "$(TARGET_NAME)";
				SWIFT_VERSION = 4.0;
				TARGETED_DEVICE_FAMILY = "1,2";
				TEST_HOST = "$(BUILT_PRODUCTS_DIR)/MoYin.app/MoYin";
			};
			name = Debug;
		};
		21EE6AE220EF0DF70091D088 /* Release */ = {
			isa = XCBuildConfiguration;
			buildSettings = {
				ALWAYS_EMBED_SWIFT_STANDARD_LIBRARIES = YES;
				BUNDLE_LOADER = "$(TEST_HOST)";
				CODE_SIGN_STYLE = Automatic;
				DEVELOPMENT_TEAM = 95DN6Z98SA;
				INFOPLIST_FILE = MoYinTests/Info.plist;
				LD_RUNPATH_SEARCH_PATHS = (
					"$(inherited)",
					"@executable_path/Frameworks",
					"@loader_path/Frameworks",
				);
				PRODUCT_BUNDLE_IDENTIFIER = com.lawrence.MoYinTests;
				PRODUCT_NAME = "$(TARGET_NAME)";
				SWIFT_VERSION = 4.0;
				TARGETED_DEVICE_FAMILY = "1,2";
				TEST_HOST = "$(BUILT_PRODUCTS_DIR)/MoYin.app/MoYin";
			};
			name = Release;
		};
		21EE6AE420EF0DF70091D088 /* Debug */ = {
			isa = XCBuildConfiguration;
			buildSettings = {
				ALWAYS_EMBED_SWIFT_STANDARD_LIBRARIES = YES;
				CODE_SIGN_STYLE = Automatic;
				DEVELOPMENT_TEAM = 95DN6Z98SA;
				INFOPLIST_FILE = MoYinUITests/Info.plist;
				LD_RUNPATH_SEARCH_PATHS = (
					"$(inherited)",
					"@executable_path/Frameworks",
					"@loader_path/Frameworks",
				);
				PRODUCT_BUNDLE_IDENTIFIER = com.lawrence.MoYinUITests;
				PRODUCT_NAME = "$(TARGET_NAME)";
				SWIFT_VERSION = 4.0;
				TARGETED_DEVICE_FAMILY = "1,2";
				TEST_TARGET_NAME = MoYin;
			};
			name = Debug;
		};
		21EE6AE520EF0DF70091D088 /* Release */ = {
			isa = XCBuildConfiguration;
			buildSettings = {
				ALWAYS_EMBED_SWIFT_STANDARD_LIBRARIES = YES;
				CODE_SIGN_STYLE = Automatic;
				DEVELOPMENT_TEAM = 95DN6Z98SA;
				INFOPLIST_FILE = MoYinUITests/Info.plist;
				LD_RUNPATH_SEARCH_PATHS = (
					"$(inherited)",
					"@executable_path/Frameworks",
					"@loader_path/Frameworks",
				);
				PRODUCT_BUNDLE_IDENTIFIER = com.lawrence.MoYinUITests;
				PRODUCT_NAME = "$(TARGET_NAME)";
				SWIFT_VERSION = 4.0;
				TARGETED_DEVICE_FAMILY = "1,2";
				TEST_TARGET_NAME = MoYin;
			};
			name = Release;
		};
/* End XCBuildConfiguration section */

/* Begin XCConfigurationList section */
		21EE6AB020EF0DF50091D088 /* Build configuration list for PBXProject "MoYin" */ = {
			isa = XCConfigurationList;
			buildConfigurations = (
				21EE6ADB20EF0DF70091D088 /* Debug */,
				21EE6ADC20EF0DF70091D088 /* Release */,
			);
			defaultConfigurationIsVisible = 0;
			defaultConfigurationName = Release;
		};
		21EE6ADD20EF0DF70091D088 /* Build configuration list for PBXNativeTarget "MoYin" */ = {
			isa = XCConfigurationList;
			buildConfigurations = (
				21EE6ADE20EF0DF70091D088 /* Debug */,
				21EE6ADF20EF0DF70091D088 /* Release */,
			);
			defaultConfigurationIsVisible = 0;
			defaultConfigurationName = Release;
		};
		21EE6AE020EF0DF70091D088 /* Build configuration list for PBXNativeTarget "MoYinTests" */ = {
			isa = XCConfigurationList;
			buildConfigurations = (
				21EE6AE120EF0DF70091D088 /* Debug */,
				21EE6AE220EF0DF70091D088 /* Release */,
			);
			defaultConfigurationIsVisible = 0;
			defaultConfigurationName = Release;
		};
		21EE6AE320EF0DF70091D088 /* Build configuration list for PBXNativeTarget "MoYinUITests" */ = {
			isa = XCConfigurationList;
			buildConfigurations = (
				21EE6AE420EF0DF70091D088 /* Debug */,
				21EE6AE520EF0DF70091D088 /* Release */,
			);
			defaultConfigurationIsVisible = 0;
			defaultConfigurationName = Release;
		};
/* End XCConfigurationList section */
	};
	rootObject = 21EE6AAD20EF0DF50091D088 /* Project object */;
}
